// !$*UTF8*$!
{
	archiveVersion = 1;
	classes = {
	};
	objectVersion = 46;
	objects = {

/* Begin PBXBuildFile section */
		56A3F08A1A8F01CA00AEF5EF /* AppDelegate.swift in Sources */ = {isa = PBXBuildFile; fileRef = 56A3F0891A8F01CA00AEF5EF /* AppDelegate.swift */; };
		56A3F08F1A8F01CA00AEF5EF /* Main.storyboard in Resources */ = {isa = PBXBuildFile; fileRef = 56A3F08D1A8F01CA00AEF5EF /* Main.storyboard */; };
		56A3F0911A8F01CA00AEF5EF /* Images.xcassets in Resources */ = {isa = PBXBuildFile; fileRef = 56A3F0901A8F01CA00AEF5EF /* Images.xcassets */; };
		56A3F0941A8F01CA00AEF5EF /* LaunchScreen.xib in Resources */ = {isa = PBXBuildFile; fileRef = 56A3F0921A8F01CA00AEF5EF /* LaunchScreen.xib */; };
		56A3F0A01A8F01CA00AEF5EF /* ProjectTests.swift in Sources */ = {isa = PBXBuildFile; fileRef = 56A3F09F1A8F01CA00AEF5EF /* ProjectTests.swift */; };
		56A3F0AE1A8F025E00AEF5EF /* BridgingHeader.m in Sources */ = {isa = PBXBuildFile; fileRef = 56A3F0AD1A8F025E00AEF5EF /* BridgingHeader.m */; };
		CCA02FEA8BCD24E0BCD42292 /* libPods.a in Frameworks */ = {isa = PBXBuildFile; fileRef = 909412C661886F3EBDBE478B /* libPods.a */; };
/* End PBXBuildFile section */

/* Begin PBXContainerItemProxy section */
		56A3F09A1A8F01CA00AEF5EF /* PBXContainerItemProxy */ = {
			isa = PBXContainerItemProxy;
			containerPortal = 56A3F07C1A8F01CA00AEF5EF /* Project object */;
			proxyType = 1;
			remoteGlobalIDString = 56A3F0831A8F01CA00AEF5EF;
			remoteInfo = Project;
		};
/* End PBXContainerItemProxy section */

/* Begin PBXFileReference section */
		0BB7BE02B1881167DE4E1B76 /* Pods.debug.xcconfig */ = {isa = PBXFileReference; includeInIndex = 1; lastKnownFileType = text.xcconfig; name = Pods.debug.xcconfig; path = "Pods/Target Support Files/Pods/Pods.debug.xcconfig"; sourceTree = "<group>"; };
		56A3F0841A8F01CA00AEF5EF /* Project.app */ = {isa = PBXFileReference; explicitFileType = wrapper.application; includeInIndex = 0; path = Project.app; sourceTree = BUILT_PRODUCTS_DIR; };
		56A3F0881A8F01CA00AEF5EF /* Info.plist */ = {isa = PBXFileReference; lastKnownFileType = text.plist.xml; path = Info.plist; sourceTree = "<group>"; };
		56A3F0891A8F01CA00AEF5EF /* AppDelegate.swift */ = {isa = PBXFileReference; lastKnownFileType = sourcecode.swift; path = AppDelegate.swift; sourceTree = "<group>"; };
		56A3F08E1A8F01CA00AEF5EF /* Base */ = {isa = PBXFileReference; lastKnownFileType = file.storyboard; name = Base; path = Base.lproj/Main.storyboard; sourceTree = "<group>"; };
		56A3F0901A8F01CA00AEF5EF /* Images.xcassets */ = {isa = PBXFileReference; lastKnownFileType = folder.assetcatalog; path = Images.xcassets; sourceTree = "<group>"; };
		56A3F0931A8F01CA00AEF5EF /* Base */ = {isa = PBXFileReference; lastKnownFileType = file.xib; name = Base; path = Base.lproj/LaunchScreen.xib; sourceTree = "<group>"; };
		56A3F0991A8F01CA00AEF5EF /* ProjectTests.xctest */ = {isa = PBXFileReference; explicitFileType = wrapper.cfbundle; includeInIndex = 0; path = ProjectTests.xctest; sourceTree = BUILT_PRODUCTS_DIR; };
		56A3F09E1A8F01CA00AEF5EF /* Info.plist */ = {isa = PBXFileReference; lastKnownFileType = text.plist.xml; path = Info.plist; sourceTree = "<group>"; };
		56A3F09F1A8F01CA00AEF5EF /* ProjectTests.swift */ = {isa = PBXFileReference; lastKnownFileType = sourcecode.swift; path = ProjectTests.swift; sourceTree = "<group>"; };
		56A3F0AC1A8F025E00AEF5EF /* Project-Bridging-Header.h */ = {isa = PBXFileReference; lastKnownFileType = sourcecode.c.h; path = "Project-Bridging-Header.h"; sourceTree = "<group>"; };
		56A3F0AD1A8F025E00AEF5EF /* BridgingHeader.m */ = {isa = PBXFileReference; fileEncoding = 4; lastKnownFileType = sourcecode.c.objc; path = BridgingHeader.m; sourceTree = "<group>"; };
		73533508403FFC643E5DDD70 /* Pods.release.xcconfig */ = {isa = PBXFileReference; includeInIndex = 1; lastKnownFileType = text.xcconfig; name = Pods.release.xcconfig; path = "Pods/Target Support Files/Pods/Pods.release.xcconfig"; sourceTree = "<group>"; };
		909412C661886F3EBDBE478B /* libPods.a */ = {isa = PBXFileReference; explicitFileType = archive.ar; includeInIndex = 0; path = libPods.a; sourceTree = BUILT_PRODUCTS_DIR; };
/* End PBXFileReference section */

/* Begin PBXFrameworksBuildPhase section */
		56A3F0811A8F01CA00AEF5EF /* Frameworks */ = {
			isa = PBXFrameworksBuildPhase;
			buildActionMask = 2147483647;
			files = (
				CCA02FEA8BCD24E0BCD42292 /* libPods.a in Frameworks */,
			);
			runOnlyForDeploymentPostprocessing = 0;
		};
		56A3F0961A8F01CA00AEF5EF /* Frameworks */ = {
			isa = PBXFrameworksBuildPhase;
			buildActionMask = 2147483647;
			files = (
			);
			runOnlyForDeploymentPostprocessing = 0;
		};
/* End PBXFrameworksBuildPhase section */

/* Begin PBXGroup section */
		3F3B1FA1792A99FB2BA09B47 /* Pods */ = {
			isa = PBXGroup;
			children = (
				0BB7BE02B1881167DE4E1B76 /* Pods.debug.xcconfig */,
				73533508403FFC643E5DDD70 /* Pods.release.xcconfig */,
			);
			name = Pods;
			sourceTree = "<group>";
		};
		56A3F07B1A8F01CA00AEF5EF = {
			isa = PBXGroup;
			children = (
				56A3F0861A8F01CA00AEF5EF /* Project */,
				56A3F09C1A8F01CA00AEF5EF /* ProjectTests */,
				56A3F0851A8F01CA00AEF5EF /* Products */,
				3F3B1FA1792A99FB2BA09B47 /* Pods */,
				9EA88EDAA99E6AC82A385C72 /* Frameworks */,
			);
			sourceTree = "<group>";
		};
		56A3F0851A8F01CA00AEF5EF /* Products */ = {
			isa = PBXGroup;
			children = (
				56A3F0841A8F01CA00AEF5EF /* Project.app */,
				56A3F0991A8F01CA00AEF5EF /* ProjectTests.xctest */,
			);
			name = Products;
			sourceTree = "<group>";
		};
		56A3F0861A8F01CA00AEF5EF /* Project */ = {
			isa = PBXGroup;
			children = (
				56A3F0AB1A8F01E400AEF5EF /* Xibs */,
				56A3F0A91A8F01D300AEF5EF /* Source */,
				56A3F0871A8F01CA00AEF5EF /* Supporting Files */,
			);
			path = Project;
			sourceTree = "<group>";
		};
		56A3F0871A8F01CA00AEF5EF /* Supporting Files */ = {
			isa = PBXGroup;
			children = (
				56A3F0881A8F01CA00AEF5EF /* Info.plist */,
				56A3F0901A8F01CA00AEF5EF /* Images.xcassets */,
				56A3F0AD1A8F025E00AEF5EF /* BridgingHeader.m */,
				56A3F0AC1A8F025E00AEF5EF /* Project-Bridging-Header.h */,
			);
			name = "Supporting Files";
			sourceTree = "<group>";
		};
		56A3F09C1A8F01CA00AEF5EF /* ProjectTests */ = {
			isa = PBXGroup;
			children = (
				56A3F09F1A8F01CA00AEF5EF /* ProjectTests.swift */,
				56A3F09D1A8F01CA00AEF5EF /* Supporting Files */,
			);
			path = ProjectTests;
			sourceTree = "<group>";
		};
		56A3F09D1A8F01CA00AEF5EF /* Supporting Files */ = {
			isa = PBXGroup;
			children = (
				56A3F09E1A8F01CA00AEF5EF /* Info.plist */,
			);
			name = "Supporting Files";
			sourceTree = "<group>";
		};
		56A3F0A91A8F01D300AEF5EF /* Source */ = {
			isa = PBXGroup;
			children = (
				56A3F0891A8F01CA00AEF5EF /* AppDelegate.swift */,
			);
			name = Source;
			sourceTree = "<group>";
		};
		56A3F0AB1A8F01E400AEF5EF /* Xibs */ = {
			isa = PBXGroup;
			children = (
				56A3F08D1A8F01CA00AEF5EF /* Main.storyboard */,
				56A3F0921A8F01CA00AEF5EF /* LaunchScreen.xib */,
			);
			name = Xibs;
			sourceTree = "<group>";
		};
		9EA88EDAA99E6AC82A385C72 /* Frameworks */ = {
			isa = PBXGroup;
			children = (
				909412C661886F3EBDBE478B /* libPods.a */,
			);
			name = Frameworks;
			sourceTree = "<group>";
		};
/* End PBXGroup section */

/* Begin PBXNativeTarget section */
		56A3F0831A8F01CA00AEF5EF /* Project */ = {
			isa = PBXNativeTarget;
			buildConfigurationList = 56A3F0A31A8F01CA00AEF5EF /* Build configuration list for PBXNativeTarget "Project" */;
			buildPhases = (
				00B65B2407E5E3745C0AFE18 /* Check Pods Manifest.lock */,
				56A3F0801A8F01CA00AEF5EF /* Sources */,
				56A3F0811A8F01CA00AEF5EF /* Frameworks */,
				56A3F0821A8F01CA00AEF5EF /* Resources */,
				4117F550999BAF0A6DA3F8D6 /* Copy Pods Resources */,
			);
			buildRules = (
			);
			dependencies = (
			);
			name = Project;
			productName = Project;
			productReference = 56A3F0841A8F01CA00AEF5EF /* Project.app */;
			productType = "com.apple.product-type.application";
		};
		56A3F0981A8F01CA00AEF5EF /* ProjectTests */ = {
			isa = PBXNativeTarget;
			buildConfigurationList = 56A3F0A61A8F01CA00AEF5EF /* Build configuration list for PBXNativeTarget "ProjectTests" */;
			buildPhases = (
				56A3F0951A8F01CA00AEF5EF /* Sources */,
				56A3F0961A8F01CA00AEF5EF /* Frameworks */,
				56A3F0971A8F01CA00AEF5EF /* Resources */,
			);
			buildRules = (
			);
			dependencies = (
				56A3F09B1A8F01CA00AEF5EF /* PBXTargetDependency */,
			);
			name = ProjectTests;
			productName = ProjectTests;
			productReference = 56A3F0991A8F01CA00AEF5EF /* ProjectTests.xctest */;
			productType = "com.apple.product-type.bundle.unit-test";
		};
/* End PBXNativeTarget section */

/* Begin PBXProject section */
		56A3F07C1A8F01CA00AEF5EF /* Project object */ = {
			isa = PBXProject;
			attributes = {
				LastUpgradeCheck = 0610;
				ORGANIZATIONNAME = Codepath;
				TargetAttributes = {
					56A3F0831A8F01CA00AEF5EF = {
						CreatedOnToolsVersion = 6.1.1;
					};
					56A3F0981A8F01CA00AEF5EF = {
						CreatedOnToolsVersion = 6.1.1;
						TestTargetID = 56A3F0831A8F01CA00AEF5EF;
					};
				};
			};
			buildConfigurationList = 56A3F07F1A8F01CA00AEF5EF /* Build configuration list for PBXProject "Project" */;
			compatibilityVersion = "Xcode 3.2";
			developmentRegion = English;
			hasScannedForEncodings = 0;
			knownRegions = (
				en,
				Base,
			);
			mainGroup = 56A3F07B1A8F01CA00AEF5EF;
			productRefGroup = 56A3F0851A8F01CA00AEF5EF /* Products */;
			projectDirPath = "";
			projectRoot = "";
			targets = (
				56A3F0831A8F01CA00AEF5EF /* Project */,
				56A3F0981A8F01CA00AEF5EF /* ProjectTests */,
			);
		};
/* End PBXProject section */

/* Begin PBXResourcesBuildPhase section */
		56A3F0821A8F01CA00AEF5EF /* Resources */ = {
			isa = PBXResourcesBuildPhase;
			buildActionMask = 2147483647;
			files = (
				56A3F08F1A8F01CA00AEF5EF /* Main.storyboard in Resources */,
				56A3F0941A8F01CA00AEF5EF /* LaunchScreen.xib in Resources */,
				56A3F0911A8F01CA00AEF5EF /* Images.xcassets in Resources */,
			);
			runOnlyForDeploymentPostprocessing = 0;
		};
		56A3F0971A8F01CA00AEF5EF /* Resources */ = {
			isa = PBXResourcesBuildPhase;
			buildActionMask = 2147483647;
			files = (
			);
			runOnlyForDeploymentPostprocessing = 0;
		};
/* End PBXResourcesBuildPhase section */

/* Begin PBXShellScriptBuildPhase section */
		00B65B2407E5E3745C0AFE18 /* Check Pods Manifest.lock */ = {
			isa = PBXShellScriptBuildPhase;
			buildActionMask = 2147483647;
			files = (
			);
			inputPaths = (
			);
			name = "Check Pods Manifest.lock";
			outputPaths = (
			);
			runOnlyForDeploymentPostprocessing = 0;
			shellPath = /bin/sh;
			shellScript = "diff \"${PODS_ROOT}/../Podfile.lock\" \"${PODS_ROOT}/Manifest.lock\" > /dev/null\nif [[ $? != 0 ]] ; then\n    cat << EOM\nerror: The sandbox is not in sync with the Podfile.lock. Run 'pod install' or update your CocoaPods installation.\nEOM\n    exit 1\nfi\n";
			showEnvVarsInLog = 0;
		};
		4117F550999BAF0A6DA3F8D6 /* Copy Pods Resources */ = {
			isa = PBXShellScriptBuildPhase;
			buildActionMask = 2147483647;
			files = (
			);
			inputPaths = (
			);
			name = "Copy Pods Resources";
			outputPaths = (
			);
			runOnlyForDeploymentPostprocessing = 0;
			shellPath = /bin/sh;
			shellScript = "\"${SRCROOT}/Pods/Target Support Files/Pods/Pods-resources.sh\"\n";
			showEnvVarsInLog = 0;
		};
/* End PBXShellScriptBuildPhase section */

/* Begin PBXSourcesBuildPhase section */
		56A3F0801A8F01CA00AEF5EF /* Sources */ = {
			isa = PBXSourcesBuildPhase;
			buildActionMask = 2147483647;
			files = (
				56A3F0AE1A8F025E00AEF5EF /* BridgingHeader.m in Sources */,
				56A3F08A1A8F01CA00AEF5EF /* AppDelegate.swift in Sources */,
			);
			runOnlyForDeploymentPostprocessing = 0;
		};
		56A3F0951A8F01CA00AEF5EF /* Sources */ = {
			isa = PBXSourcesBuildPhase;
			buildActionMask = 2147483647;
			files = (
				56A3F0A01A8F01CA00AEF5EF /* ProjectTests.swift in Sources */,
			);
			runOnlyForDeploymentPostprocessing = 0;
		};
/* End PBXSourcesBuildPhase section */

/* Begin PBXTargetDependency section */
		56A3F09B1A8F01CA00AEF5EF /* PBXTargetDependency */ = {
			isa = PBXTargetDependency;
			target = 56A3F0831A8F01CA00AEF5EF /* Project */;
			targetProxy = 56A3F09A1A8F01CA00AEF5EF /* PBXContainerItemProxy */;
		};
/* End PBXTargetDependency section */

/* Begin PBXVariantGroup section */
		56A3F08D1A8F01CA00AEF5EF /* Main.storyboard */ = {
			isa = PBXVariantGroup;
			children = (
				56A3F08E1A8F01CA00AEF5EF /* Base */,
			);
			name = Main.storyboard;
			sourceTree = "<group>";
		};
		56A3F0921A8F01CA00AEF5EF /* LaunchScreen.xib */ = {
			isa = PBXVariantGroup;
			children = (
				56A3F0931A8F01CA00AEF5EF /* Base */,
			);
			name = LaunchScreen.xib;
			sourceTree = "<group>";
		};
/* End PBXVariantGroup section */

/* Begin XCBuildConfiguration section */
		56A3F0A11A8F01CA00AEF5EF /* Debug */ = {
			isa = XCBuildConfiguration;
			buildSettings = {
				ALWAYS_SEARCH_USER_PATHS = NO;
				CLANG_CXX_LANGUAGE_STANDARD = "gnu++0x";
				CLANG_CXX_LIBRARY = "libc++";
				CLANG_ENABLE_MODULES = YES;
				CLANG_ENABLE_OBJC_ARC = YES;
				CLANG_WARN_BOOL_CONVERSION = YES;
				CLANG_WARN_CONSTANT_CONVERSION = YES;
				CLANG_WARN_DIRECT_OBJC_ISA_USAGE = YES_ERROR;
				CLANG_WARN_EMPTY_BODY = YES;
				CLANG_WARN_ENUM_CONVERSION = YES;
				CLANG_WARN_INT_CONVERSION = YES;
				CLANG_WARN_OBJC_ROOT_CLASS = YES_ERROR;
				CLANG_WARN_UNREACHABLE_CODE = YES;
				CLANG_WARN__DUPLICATE_METHOD_MATCH = YES;
				"CODE_SIGN_IDENTITY[sdk=iphoneos*]" = "iPhone Developer";
				COPY_PHASE_STRIP = NO;
				ENABLE_STRICT_OBJC_MSGSEND = YES;
				GCC_C_LANGUAGE_STANDARD = gnu99;
				GCC_DYNAMIC_NO_PIC = NO;
				GCC_OPTIMIZATION_LEVEL = 0;
				GCC_PREPROCESSOR_DEFINITIONS = (
					"DEBUG=1",
					"$(inherited)",
				);
				GCC_SYMBOLS_PRIVATE_EXTERN = NO;
				GCC_WARN_64_TO_32_BIT_CONVERSION = YES;
				GCC_WARN_ABOUT_RETURN_TYPE = YES_ERROR;
				GCC_WARN_UNDECLARED_SELECTOR = YES;
				GCC_WARN_UNINITIALIZED_AUTOS = YES_AGGRESSIVE;
				GCC_WARN_UNUSED_FUNCTION = YES;
				GCC_WARN_UNUSED_VARIABLE = YES;
				IPHONEOS_DEPLOYMENT_TARGET = 8.1;
				MTL_ENABLE_DEBUG_INFO = YES;
				ONLY_ACTIVE_ARCH = YES;
				SDKROOT = iphoneos;
				SWIFT_OPTIMIZATION_LEVEL = "-Onone";
				TARGETED_DEVICE_FAMILY = "1,2";
			};
			name = Debug;
		};
		56A3F0A21A8F01CA00AEF5EF /* Release */ = {
			isa = XCBuildConfiguration;
			buildSettings = {
				ALWAYS_SEARCH_USER_PATHS = NO;
				CLANG_CXX_LANGUAGE_STANDARD = "gnu++0x";
				CLANG_CXX_LIBRARY = "libc++";
				CLANG_ENABLE_MODULES = YES;
				CLANG_ENABLE_OBJC_ARC = YES;
				CLANG_WARN_BOOL_CONVERSION = YES;
				CLANG_WARN_CONSTANT_CONVERSION = YES;
				CLANG_WARN_DIRECT_OBJC_ISA_USAGE = YES_ERROR;
				CLANG_WARN_EMPTY_BODY = YES;
				CLANG_WARN_ENUM_CONVERSION = YES;
				CLANG_WARN_INT_CONVERSION = YES;
				CLANG_WARN_OBJC_ROOT_CLASS = YES_ERROR;
				CLANG_WARN_UNREACHABLE_CODE = YES;
				CLANG_WARN__DUPLICATE_METHOD_MATCH = YES;
				"CODE_SIGN_IDENTITY[sdk=iphoneos*]" = "iPhone Developer";
				COPY_PHASE_STRIP = YES;
				ENABLE_NS_ASSERTIONS = NO;
				ENABLE_STRICT_OBJC_MSGSEND = YES;
				GCC_C_LANGUAGE_STANDARD = gnu99;
				GCC_WARN_64_TO_32_BIT_CONVERSION = YES;
				GCC_WARN_ABOUT_RETURN_TYPE = YES_ERROR;
				GCC_WARN_UNDECLARED_SELECTOR = YES;
				GCC_WARN_UNINITIALIZED_AUTOS = YES_AGGRESSIVE;
				GCC_WARN_UNUSED_FUNCTION = YES;
				GCC_WARN_UNUSED_VARIABLE = YES;
				IPHONEOS_DEPLOYMENT_TARGET = 8.1;
				MTL_ENABLE_DEBUG_INFO = NO;
				SDKROOT = iphoneos;
				TARGETED_DEVICE_FAMILY = "1,2";
				VALIDATE_PRODUCT = YES;
			};
			name = Release;
		};
		56A3F0A41A8F01CA00AEF5EF /* Debug */ = {
			isa = XCBuildConfiguration;
			baseConfigurationReference = 0BB7BE02B1881167DE4E1B76 /* Pods.debug.xcconfig */;
			buildSettings = {
				ASSETCATALOG_COMPILER_APPICON_NAME = AppIcon;
				CLANG_ENABLE_MODULES = YES;
				INFOPLIST_FILE = Project/Info.plist;
				LD_RUNPATH_SEARCH_PATHS = "$(inherited) @executable_path/Frameworks";
				PRODUCT_NAME = "$(TARGET_NAME)";
				SWIFT_OBJC_BRIDGING_HEADER = "Project/Project-Bridging-Header.h";
				SWIFT_OPTIMIZATION_LEVEL = "-Onone";
			};
			name = Debug;
		};
		56A3F0A51A8F01CA00AEF5EF /* Release */ = {
			isa = XCBuildConfiguration;
			baseConfigurationReference = 73533508403FFC643E5DDD70 /* Pods.release.xcconfig */;
			buildSettings = {
				ASSETCATALOG_COMPILER_APPICON_NAME = AppIcon;
				CLANG_ENABLE_MODULES = YES;
				INFOPLIST_FILE = Project/Info.plist;
				LD_RUNPATH_SEARCH_PATHS = "$(inherited) @executable_path/Frameworks";
				PRODUCT_NAME = "$(TARGET_NAME)";
				SWIFT_OBJC_BRIDGING_HEADER = "Project/Project-Bridging-Header.h";
			};
			name = Release;
		};
		56A3F0A71A8F01CA00AEF5EF /* Debug */ = {
			isa = XCBuildConfiguration;
			buildSettings = {
				BUNDLE_LOADER = "$(TEST_HOST)";
				FRAMEWORK_SEARCH_PATHS = (
					"$(SDKROOT)/Developer/Library/Frameworks",
					"$(inherited)",
				);
				GCC_PREPROCESSOR_DEFINITIONS = (
					"DEBUG=1",
					"$(inherited)",
				);
				INFOPLIST_FILE = ProjectTests/Info.plist;
				LD_RUNPATH_SEARCH_PATHS = "$(inherited) @executable_path/Frameworks @loader_path/Frameworks";
				PRODUCT_NAME = "$(TARGET_NAME)";
				TEST_HOST = "$(BUILT_PRODUCTS_DIR)/Project.app/Project";
			};
			name = Debug;
		};
		56A3F0A81A8F01CA00AEF5EF /* Release */ = {
			isa = XCBuildConfiguration;
			buildSettings = {
				BUNDLE_LOADER = "$(TEST_HOST)";
				FRAMEWORK_SEARCH_PATHS = (
					"$(SDKROOT)/Developer/Library/Frameworks",
					"$(inherited)",
				);
				INFOPLIST_FILE = ProjectTests/Info.plist;
				LD_RUNPATH_SEARCH_PATHS = "$(inherited) @executable_path/Frameworks @loader_path/Frameworks";
				PRODUCT_NAME = "$(TARGET_NAME)";
				TEST_HOST = "$(BUILT_PRODUCTS_DIR)/Project.app/Project";
			};
			name = Release;
		};
/* End XCBuildConfiguration section */

/* Begin XCConfigurationList section */
		56A3F07F1A8F01CA00AEF5EF /* Build configuration list for PBXProject "Project" */ = {
			isa = XCConfigurationList;
			buildConfigurations = (
				56A3F0A11A8F01CA00AEF5EF /* Debug */,
				56A3F0A21A8F01CA00AEF5EF /* Release */,
			);
			defaultConfigurationIsVisible = 0;
			defaultConfigurationName = Release;
		};
		56A3F0A31A8F01CA00AEF5EF /* Build configuration list for PBXNativeTarget "Project" */ = {
			isa = XCConfigurationList;
			buildConfigurations = (
				56A3F0A41A8F01CA00AEF5EF /* Debug */,
				56A3F0A51A8F01CA00AEF5EF /* Release */,
			);
			defaultConfigurationIsVisible = 0;
			defaultConfigurationName = Release;
		};
		56A3F0A61A8F01CA00AEF5EF /* Build configuration list for PBXNativeTarget "ProjectTests" */ = {
			isa = XCConfigurationList;
			buildConfigurations = (
				56A3F0A71A8F01CA00AEF5EF /* Debug */,
				56A3F0A81A8F01CA00AEF5EF /* Release */,
			);
			defaultConfigurationIsVisible = 0;
			defaultConfigurationName = Release;
		};
/* End XCConfigurationList section */
	};
	rootObject = 56A3F07C1A8F01CA00AEF5EF /* Project object */;
}
